
Microsoft Visual Studio Solution File, Format Version 12.00
# Visual Studio Version 17
VisualStudioVersion = 17.5.33414.496
MinimumVisualStudioVersion = 10.0.40219.1
Project("{9A19103F-16F7-4668-BE54-9A1E7A4F7556}") = "UI", "UI\UI.csproj", "{C0A31009-CB98-4FEB-95B7-88E56CDF863C}"
EndProject
Project("{9A19103F-16F7-4668-BE54-9A1E7A4F7556}") = "Infrastructure", "DataAccess\Infrastructure.csproj", "{DE33E705-E804-4903-A8BD-358D2E124B18}"
EndProject
Project("{9A19103F-16F7-4668-BE54-9A1E7A4F7556}") = "Core", "BusinessLogic\Core.csproj", "{DF5EC2C7-6FC7-43F0-974F-1BF32248DE37}"
EndProject
Global
	GlobalSection(SolutionConfigurationPlatforms) = preSolution
		Debug|Any CPU = Debug|Any CPU
		Release|Any CPU = Release|Any CPU
	EndGlobalSection
	GlobalSection(ProjectConfigurationPlatforms) = postSolution
		{C0A31009-CB98-4FEB-95B7-88E56CDF863C}.Debug|Any CPU.ActiveCfg = Debug|Any CPU
		{C0A31009-CB98-4FEB-95B7-88E56CDF863C}.Debug|Any CPU.Build.0 = Debug|Any CPU
		{C0A31009-CB98-4FEB-95B7-88E56CDF863C}.Release|Any CPU.ActiveCfg = Release|Any CPU
		{C0A31009-CB98-4FEB-95B7-88E56CDF863C}.Release|Any CPU.Build.0 = Release|Any CPU
		{DE33E705-E804-4903-A8BD-358D2E124B18}.Debug|Any CPU.ActiveCfg = Debug|Any CPU
		{DE33E705-E804-4903-A8BD-358D2E124B18}.Debug|Any CPU.Build.0 = Debug|Any CPU
		{DE33E705-E804-4903-A8BD-358D2E124B18}.Release|Any CPU.ActiveCfg = Release|Any CPU
		{DE33E705-E804-4903-A8BD-358D2E124B18}.Release|Any CPU.Build.0 = Release|Any CPU
		{DF5EC2C7-6FC7-43F0-974F-1BF32248DE37}.Debug|Any CPU.ActiveCfg = Debug|Any CPU
		{DF5EC2C7-6FC7-43F0-974F-1BF32248DE37}.Debug|Any CPU.Build.0 = Debug|Any CPU
		{DF5EC2C7-6FC7-43F0-974F-1BF32248DE37}.Release|Any CPU.ActiveCfg = Release|Any CPU
		{DF5EC2C7-6FC7-43F0-974F-1BF32248DE37}.Release|Any CPU.Build.0 = Release|Any CPU
	EndGlobalSection
	GlobalSection(SolutionProperties) = preSolution
		HideSolutionNode = FALSE
	EndGlobalSection
	GlobalSection(ExtensibilityGlobals) = postSolution
		SolutionGuid = {A7BB4A02-F9E9-4788-A2A8-56FFE4C1AE19}
	EndGlobalSection
EndGlobal
